
Microsoft Visual Studio Solution File, Format Version 12.00
# Visual Studio 15
VisualStudioVersion = 15.0.26730.16
MinimumVisualStudioVersion = 10.0.40219.1
Project("{FAE04EC0-301F-11D3-BF4B-00C04F79EFBC}") = "Team", "Team\Team.csproj", "{21A374EE-B9E8-4C57-8BD6-14C7388E3FBE}"
EndProject
Project("{FAE04EC0-301F-11D3-BF4B-00C04F79EFBC}") = "PetShelterClasses", "PetShelterClasses\PetShelterClasses.csproj", "{8FE958B0-28A0-4968-BF27-A78BB3EFB0A5}"
EndProject
Global
	GlobalSection(SolutionConfigurationPlatforms) = preSolution
		Debug|Any CPU = Debug|Any CPU
		Release|Any CPU = Release|Any CPU
	EndGlobalSection
	GlobalSection(ProjectConfigurationPlatforms) = postSolution
		{21A374EE-B9E8-4C57-8BD6-14C7388E3FBE}.Debug|Any CPU.ActiveCfg = Debug|Any CPU
		{21A374EE-B9E8-4C57-8BD6-14C7388E3FBE}.Debug|Any CPU.Build.0 = Debug|Any CPU
		{21A374EE-B9E8-4C57-8BD6-14C7388E3FBE}.Release|Any CPU.ActiveCfg = Release|Any CPU
		{21A374EE-B9E8-4C57-8BD6-14C7388E3FBE}.Release|Any CPU.Build.0 = Release|Any CPU
		{8FE958B0-28A0-4968-BF27-A78BB3EFB0A5}.Debug|Any CPU.ActiveCfg = Debug|Any CPU
		{8FE958B0-28A0-4968-BF27-A78BB3EFB0A5}.Debug|Any CPU.Build.0 = Debug|Any CPU
		{8FE958B0-28A0-4968-BF27-A78BB3EFB0A5}.Release|Any CPU.ActiveCfg = Release|Any CPU
		{8FE958B0-28A0-4968-BF27-A78BB3EFB0A5}.Release|Any CPU.Build.0 = Release|Any CPU
	EndGlobalSection
	GlobalSection(SolutionProperties) = preSolution
		HideSolutionNode = FALSE
	EndGlobalSection
	GlobalSection(ExtensibilityGlobals) = postSolution
		SolutionGuid = {325F76A7-C652-4801-802A-4EA9FD9C6AA4}
	EndGlobalSection
EndGlobal
